
Microsoft Visual Studio Solution File, Format Version 12.00
# Visual Studio 15
VisualStudioVersion = 15.0.26730.16
MinimumVisualStudioVersion = 10.0.40219.1
Project("{FAE04EC0-301F-11D3-BF4B-00C04F79EFBC}") = "Exercises1", "Exercises1\Exercises1.csproj", "{9965FC01-C46A-4E4F-ACA7-3720B1B60EB1}"
EndProject
Global
	GlobalSection(SolutionConfigurationPlatforms) = preSolution
		Debug|Any CPU = Debug|Any CPU
		Release|Any CPU = Release|Any CPU
	EndGlobalSection
	GlobalSection(ProjectConfigurationPlatforms) = postSolution
		{9965FC01-C46A-4E4F-ACA7-3720B1B60EB1}.Debug|Any CPU.ActiveCfg = Debug|Any CPU
		{9965FC01-C46A-4E4F-ACA7-3720B1B60EB1}.Debug|Any CPU.Build.0 = Debug|Any CPU
		{9965FC01-C46A-4E4F-ACA7-3720B1B60EB1}.Release|Any CPU.ActiveCfg = Release|Any CPU
		{9965FC01-C46A-4E4F-ACA7-3720B1B60EB1}.Release|Any CPU.Build.0 = Release|Any CPU
	EndGlobalSection
	GlobalSection(SolutionProperties) = preSolution
		HideSolutionNode = FALSE
	EndGlobalSection
	GlobalSection(ExtensibilityGlobals) = postSolution
		SolutionGuid = {0954AE9A-3DE7-428D-81FE-4F580943F004}
	EndGlobalSection
EndGlobal
